
Microsoft Visual Studio Solution File, Format Version 12.00
# Visual Studio Version 17
VisualStudioVersion = 17.11.35327.3
MinimumVisualStudioVersion = 10.0.40219.1
Project("{FAE04EC0-301F-11D3-BF4B-00C04F79EFBC}") = "Api", "Api.csproj", "{36A025CC-75E2-4621-BA37-BF693EF547E8}"
EndProject
Global
	GlobalSection(SolutionConfigurationPlatforms) = preSolution
		Debug|Any CPU = Debug|Any CPU
		Release|Any CPU = Release|Any CPU
	EndGlobalSection
	GlobalSection(ProjectConfigurationPlatforms) = postSolution
		{36A025CC-75E2-4621-BA37-BF693EF547E8}.Debug|Any CPU.ActiveCfg = Debug|Any CPU
		{36A025CC-75E2-4621-BA37-BF693EF547E8}.Debug|Any CPU.Build.0 = Debug|Any CPU
		{36A025CC-75E2-4621-BA37-BF693EF547E8}.Release|Any CPU.ActiveCfg = Release|Any CPU
		{36A025CC-75E2-4621-BA37-BF693EF547E8}.Release|Any CPU.Build.0 = Release|Any CPU
	EndGlobalSection
	GlobalSection(SolutionProperties) = preSolution
		HideSolutionNode = FALSE
	EndGlobalSection
	GlobalSection(ExtensibilityGlobals) = postSolution
		SolutionGuid = {6B0DC009-2757-431D-8FC8-A447BFA96F4A}
	EndGlobalSection
EndGlobal
